// !$*UTF8*$!
{
	archiveVersion = 1;
	classes = {
	};
	objectVersion = 56;
	objects = {

/* Begin PBXBuildFile section */
		620BB19A2C616FE2003EDC4D /* Date.swift in Sources */ = {isa = PBXBuildFile; fileRef = 620BB1992C616FE2003EDC4D /* Date.swift */; };
		6238AC2F2C585F8900F75B50 /* ModifyNoteView.swift in Sources */ = {isa = PBXBuildFile; fileRef = 6238AC2E2C585F8900F75B50 /* ModifyNoteView.swift */; };
		6238AC382C58965D00F75B50 /* UpkeepDetailView.swift in Sources */ = {isa = PBXBuildFile; fileRef = 6238AC372C58965D00F75B50 /* UpkeepDetailView.swift */; };
		6238AC3A2C589D3000F75B50 /* UpkeepIndexStepper.swift in Sources */ = {isa = PBXBuildFile; fileRef = 6238AC392C589D3000F75B50 /* UpkeepIndexStepper.swift */; };
		62802D3C2C46E4ED00234DE4 /* FixEaseApp.swift in Sources */ = {isa = PBXBuildFile; fileRef = 62802D3B2C46E4ED00234DE4 /* FixEaseApp.swift */; };
		62802D3E2C46E4ED00234DE4 /* ContentView.swift in Sources */ = {isa = PBXBuildFile; fileRef = 62802D3D2C46E4ED00234DE4 /* ContentView.swift */; };
		62802D402C46E4F200234DE4 /* Assets.xcassets in Resources */ = {isa = PBXBuildFile; fileRef = 62802D3F2C46E4F200234DE4 /* Assets.xcassets */; };
		62802D432C46E4F200234DE4 /* Preview Assets.xcassets in Resources */ = {isa = PBXBuildFile; fileRef = 62802D422C46E4F200234DE4 /* Preview Assets.xcassets */; };
		62802D4A2C488DAD00234DE4 /* MainView.swift in Sources */ = {isa = PBXBuildFile; fileRef = 62802D492C488DAD00234DE4 /* MainView.swift */; };
		62813A202C49C35C001C9EF2 /* UpkeepRow.swift in Sources */ = {isa = PBXBuildFile; fileRef = 62813A1F2C49C35C001C9EF2 /* UpkeepRow.swift */; };
		62813A242C49DA22001C9EF2 /* ItemDetailView.swift in Sources */ = {isa = PBXBuildFile; fileRef = 62813A232C49DA22001C9EF2 /* ItemDetailView.swift */; };
		62813A262C4B2740001C9EF2 /* Upkeep.swift in Sources */ = {isa = PBXBuildFile; fileRef = 62813A252C4B2740001C9EF2 /* Upkeep.swift */; };
		62813A2A2C4B2A84001C9EF2 /* Item.swift in Sources */ = {isa = PBXBuildFile; fileRef = 62813A292C4B2A84001C9EF2 /* Item.swift */; };
		62813A2C2C4B2B70001C9EF2 /* Emoji.swift in Sources */ = {isa = PBXBuildFile; fileRef = 62813A2B2C4B2B70001C9EF2 /* Emoji.swift */; };
		62813A302C4F3E0D001C9EF2 /* ModifyItemView.swift in Sources */ = {isa = PBXBuildFile; fileRef = 62813A2F2C4F3E0D001C9EF2 /* ModifyItemView.swift */; };
		62813A322C501C6C001C9EF2 /* ModifyUpkeepView.swift in Sources */ = {isa = PBXBuildFile; fileRef = 62813A312C501C6C001C9EF2 /* ModifyUpkeepView.swift */; };
		62A8CFB32C5AF8C8002627E4 /* Note.swift in Sources */ = {isa = PBXBuildFile; fileRef = 62A8CFB22C5AF8C8002627E4 /* Note.swift */; };
		62F2E99C2C6313FB008153E7 /* RubikMonoOne-Regular.ttf in Resources */ = {isa = PBXBuildFile; fileRef = 62F2E99B2C6313FB008153E7 /* RubikMonoOne-Regular.ttf */; };
		62F2E9A12C641072008153E7 /* Font.swift in Sources */ = {isa = PBXBuildFile; fileRef = 62F2E9A02C641072008153E7 /* Font.swift */; };
		62F2E9A62C6448F2008153E7 /* MainViewModel.swift in Sources */ = {isa = PBXBuildFile; fileRef = 62F2E9A52C6448F2008153E7 /* MainViewModel.swift */; };
		62F2E9A82C644A3E008153E7 /* WelcomeView.swift in Sources */ = {isa = PBXBuildFile; fileRef = 62F2E9A72C644A3E008153E7 /* WelcomeView.swift */; };
		62F2E9AA2C644ECE008153E7 /* TutorialTabView.swift in Sources */ = {isa = PBXBuildFile; fileRef = 62F2E9A92C644ECE008153E7 /* TutorialTabView.swift */; };
		62F2E9AC2C7FE27C008153E7 /* User.swift in Sources */ = {isa = PBXBuildFile; fileRef = 62F2E9AB2C7FE27C008153E7 /* User.swift */; };
		62F2E9AF2C7FE633008153E7 /* UserDefaults.swift in Sources */ = {isa = PBXBuildFile; fileRef = 62F2E9AE2C7FE633008153E7 /* UserDefaults.swift */; };
		62F2E9B12C7FED65008153E7 /* FileManager.swift in Sources */ = {isa = PBXBuildFile; fileRef = 62F2E9B02C7FED65008153E7 /* FileManager.swift */; };
/* End PBXBuildFile section */

/* Begin PBXFileReference section */
		620BB1992C616FE2003EDC4D /* Date.swift */ = {isa = PBXFileReference; lastKnownFileType = sourcecode.swift; path = Date.swift; sourceTree = "<group>"; };
		6238AC2E2C585F8900F75B50 /* ModifyNoteView.swift */ = {isa = PBXFileReference; lastKnownFileType = sourcecode.swift; path = ModifyNoteView.swift; sourceTree = "<group>"; };
		6238AC372C58965D00F75B50 /* UpkeepDetailView.swift */ = {isa = PBXFileReference; lastKnownFileType = sourcecode.swift; path = UpkeepDetailView.swift; sourceTree = "<group>"; };
		6238AC392C589D3000F75B50 /* UpkeepIndexStepper.swift */ = {isa = PBXFileReference; lastKnownFileType = sourcecode.swift; path = UpkeepIndexStepper.swift; sourceTree = "<group>"; };
		62802D382C46E4ED00234DE4 /* FixEase.app */ = {isa = PBXFileReference; explicitFileType = wrapper.application; includeInIndex = 0; path = FixEase.app; sourceTree = BUILT_PRODUCTS_DIR; };
		62802D3B2C46E4ED00234DE4 /* FixEaseApp.swift */ = {isa = PBXFileReference; lastKnownFileType = sourcecode.swift; path = FixEaseApp.swift; sourceTree = "<group>"; };
		62802D3D2C46E4ED00234DE4 /* ContentView.swift */ = {isa = PBXFileReference; lastKnownFileType = sourcecode.swift; path = ContentView.swift; sourceTree = "<group>"; };
		62802D3F2C46E4F200234DE4 /* Assets.xcassets */ = {isa = PBXFileReference; lastKnownFileType = folder.assetcatalog; path = Assets.xcassets; sourceTree = "<group>"; };
		62802D422C46E4F200234DE4 /* Preview Assets.xcassets */ = {isa = PBXFileReference; lastKnownFileType = folder.assetcatalog; path = "Preview Assets.xcassets"; sourceTree = "<group>"; };
		62802D492C488DAD00234DE4 /* MainView.swift */ = {isa = PBXFileReference; lastKnownFileType = sourcecode.swift; path = MainView.swift; sourceTree = "<group>"; };
		62813A1F2C49C35C001C9EF2 /* UpkeepRow.swift */ = {isa = PBXFileReference; lastKnownFileType = sourcecode.swift; path = UpkeepRow.swift; sourceTree = "<group>"; };
		62813A232C49DA22001C9EF2 /* ItemDetailView.swift */ = {isa = PBXFileReference; lastKnownFileType = sourcecode.swift; path = ItemDetailView.swift; sourceTree = "<group>"; };
		62813A252C4B2740001C9EF2 /* Upkeep.swift */ = {isa = PBXFileReference; lastKnownFileType = sourcecode.swift; path = Upkeep.swift; sourceTree = "<group>"; };
		62813A292C4B2A84001C9EF2 /* Item.swift */ = {isa = PBXFileReference; lastKnownFileType = sourcecode.swift; path = Item.swift; sourceTree = "<group>"; };
		62813A2B2C4B2B70001C9EF2 /* Emoji.swift */ = {isa = PBXFileReference; lastKnownFileType = sourcecode.swift; path = Emoji.swift; sourceTree = "<group>"; };
		62813A2F2C4F3E0D001C9EF2 /* ModifyItemView.swift */ = {isa = PBXFileReference; lastKnownFileType = sourcecode.swift; path = ModifyItemView.swift; sourceTree = "<group>"; };
		62813A312C501C6C001C9EF2 /* ModifyUpkeepView.swift */ = {isa = PBXFileReference; lastKnownFileType = sourcecode.swift; path = ModifyUpkeepView.swift; sourceTree = "<group>"; };
		62A8CFB22C5AF8C8002627E4 /* Note.swift */ = {isa = PBXFileReference; lastKnownFileType = sourcecode.swift; path = Note.swift; sourceTree = "<group>"; };
		62F2E99B2C6313FB008153E7 /* RubikMonoOne-Regular.ttf */ = {isa = PBXFileReference; lastKnownFileType = file; path = "RubikMonoOne-Regular.ttf"; sourceTree = "<group>"; };
		62F2E99F2C640FE4008153E7 /* Info.plist */ = {isa = PBXFileReference; lastKnownFileType = text.plist.xml; path = Info.plist; sourceTree = "<group>"; };
		62F2E9A02C641072008153E7 /* Font.swift */ = {isa = PBXFileReference; lastKnownFileType = sourcecode.swift; path = Font.swift; sourceTree = "<group>"; };
		62F2E9A52C6448F2008153E7 /* MainViewModel.swift */ = {isa = PBXFileReference; lastKnownFileType = sourcecode.swift; path = MainViewModel.swift; sourceTree = "<group>"; };
		62F2E9A72C644A3E008153E7 /* WelcomeView.swift */ = {isa = PBXFileReference; lastKnownFileType = sourcecode.swift; path = WelcomeView.swift; sourceTree = "<group>"; };
		62F2E9A92C644ECE008153E7 /* TutorialTabView.swift */ = {isa = PBXFileReference; lastKnownFileType = sourcecode.swift; path = TutorialTabView.swift; sourceTree = "<group>"; };
		62F2E9AB2C7FE27C008153E7 /* User.swift */ = {isa = PBXFileReference; lastKnownFileType = sourcecode.swift; path = User.swift; sourceTree = "<group>"; };
		62F2E9AE2C7FE633008153E7 /* UserDefaults.swift */ = {isa = PBXFileReference; lastKnownFileType = sourcecode.swift; path = UserDefaults.swift; sourceTree = "<group>"; };
		62F2E9B02C7FED65008153E7 /* FileManager.swift */ = {isa = PBXFileReference; lastKnownFileType = sourcecode.swift; path = FileManager.swift; sourceTree = "<group>"; };
/* End PBXFileReference section */

/* Begin PBXFrameworksBuildPhase section */
		62802D352C46E4ED00234DE4 /* Frameworks */ = {
			isa = PBXFrameworksBuildPhase;
			buildActionMask = 2147483647;
			files = (
			);
			runOnlyForDeploymentPostprocessing = 0;
		};
/* End PBXFrameworksBuildPhase section */

/* Begin PBXGroup section */
		620BB1982C616FD5003EDC4D /* Extensions */ = {
			isa = PBXGroup;
			children = (
				620BB1992C616FE2003EDC4D /* Date.swift */,
				62F2E9A02C641072008153E7 /* Font.swift */,
			);
			path = Extensions;
			sourceTree = "<group>";
		};
		62802D2F2C46E4ED00234DE4 = {
			isa = PBXGroup;
			children = (
				62802D3A2C46E4ED00234DE4 /* FixEase */,
				62802D392C46E4ED00234DE4 /* Products */,
			);
			sourceTree = "<group>";
		};
		62802D392C46E4ED00234DE4 /* Products */ = {
			isa = PBXGroup;
			children = (
				62802D382C46E4ED00234DE4 /* FixEase.app */,
			);
			name = Products;
			sourceTree = "<group>";
		};
		62802D3A2C46E4ED00234DE4 /* FixEase */ = {
			isa = PBXGroup;
			children = (
				62F2E9AD2C7FE625008153E7 /* Manager */,
				62802D3B2C46E4ED00234DE4 /* FixEaseApp.swift */,
				62813A2D2C4EF98B001C9EF2 /* View */,
				62F2E9A42C6448C3008153E7 /* ViewModel */,
				62813A2E2C4EF9AB001C9EF2 /* Model */,
				620BB1982C616FD5003EDC4D /* Extensions */,
				62F2E99A2C631380008153E7 /* Font */,
				62F2E99F2C640FE4008153E7 /* Info.plist */,
				62802D3F2C46E4F200234DE4 /* Assets.xcassets */,
				62802D412C46E4F200234DE4 /* Preview Content */,
			);
			path = FixEase;
			sourceTree = "<group>";
		};
		62802D412C46E4F200234DE4 /* Preview Content */ = {
			isa = PBXGroup;
			children = (
				62802D422C46E4F200234DE4 /* Preview Assets.xcassets */,
			);
			path = "Preview Content";
			sourceTree = "<group>";
		};
		62813A2D2C4EF98B001C9EF2 /* View */ = {
			isa = PBXGroup;
			children = (
				62F2E9972C631303008153E7 /* SupportingView */,
				62802D3D2C46E4ED00234DE4 /* ContentView.swift */,
				62F2E9A72C644A3E008153E7 /* WelcomeView.swift */,
				62F2E9A92C644ECE008153E7 /* TutorialTabView.swift */,
				62802D492C488DAD00234DE4 /* MainView.swift */,
				62813A232C49DA22001C9EF2 /* ItemDetailView.swift */,
				6238AC372C58965D00F75B50 /* UpkeepDetailView.swift */,
				62813A2F2C4F3E0D001C9EF2 /* ModifyItemView.swift */,
				62813A312C501C6C001C9EF2 /* ModifyUpkeepView.swift */,
				6238AC2E2C585F8900F75B50 /* ModifyNoteView.swift */,
				6238AC392C589D3000F75B50 /* UpkeepIndexStepper.swift */,
			);
			path = View;
			sourceTree = "<group>";
		};
		62813A2E2C4EF9AB001C9EF2 /* Model */ = {
			isa = PBXGroup;
			children = (
				62813A252C4B2740001C9EF2 /* Upkeep.swift */,
				62813A292C4B2A84001C9EF2 /* Item.swift */,
				62A8CFB22C5AF8C8002627E4 /* Note.swift */,
				62813A2B2C4B2B70001C9EF2 /* Emoji.swift */,
				62F2E9AB2C7FE27C008153E7 /* User.swift */,
			);
			path = Model;
			sourceTree = "<group>";
		};
		62F2E9972C631303008153E7 /* SupportingView */ = {
			isa = PBXGroup;
			children = (
				62813A1F2C49C35C001C9EF2 /* UpkeepRow.swift */,
			);
			path = SupportingView;
			sourceTree = "<group>";
		};
		62F2E99A2C631380008153E7 /* Font */ = {
			isa = PBXGroup;
			children = (
				62F2E99B2C6313FB008153E7 /* RubikMonoOne-Regular.ttf */,
			);
			path = Font;
			sourceTree = "<group>";
		};
		62F2E9A42C6448C3008153E7 /* ViewModel */ = {
			isa = PBXGroup;
			children = (
				62F2E9A52C6448F2008153E7 /* MainViewModel.swift */,
			);
			path = ViewModel;
			sourceTree = "<group>";
		};
		62F2E9AD2C7FE625008153E7 /* Manager */ = {
			isa = PBXGroup;
			children = (
				62F2E9AE2C7FE633008153E7 /* UserDefaults.swift */,
				62F2E9B02C7FED65008153E7 /* FileManager.swift */,
			);
			path = Manager;
			sourceTree = "<group>";
		};
/* End PBXGroup section */

/* Begin PBXNativeTarget section */
		62802D372C46E4ED00234DE4 /* FixEase */ = {
			isa = PBXNativeTarget;
			buildConfigurationList = 62802D462C46E4F200234DE4 /* Build configuration list for PBXNativeTarget "FixEase" */;
			buildPhases = (
				62802D342C46E4ED00234DE4 /* Sources */,
				62802D352C46E4ED00234DE4 /* Frameworks */,
				62802D362C46E4ED00234DE4 /* Resources */,
			);
			buildRules = (
			);
			dependencies = (
			);
			name = FixEase;
			productName = FixEase;
			productReference = 62802D382C46E4ED00234DE4 /* FixEase.app */;
			productType = "com.apple.product-type.application";
		};
/* End PBXNativeTarget section */

/* Begin PBXProject section */
		62802D302C46E4ED00234DE4 /* Project object */ = {
			isa = PBXProject;
			attributes = {
				BuildIndependentTargetsInParallel = 1;
				LastSwiftUpdateCheck = 1520;
				LastUpgradeCheck = 1520;
				TargetAttributes = {
					62802D372C46E4ED00234DE4 = {
						CreatedOnToolsVersion = 15.2;
					};
				};
			};
			buildConfigurationList = 62802D332C46E4ED00234DE4 /* Build configuration list for PBXProject "FixEase" */;
			compatibilityVersion = "Xcode 14.0";
			developmentRegion = en;
			hasScannedForEncodings = 0;
			knownRegions = (
				en,
				Base,
			);
			mainGroup = 62802D2F2C46E4ED00234DE4;
			productRefGroup = 62802D392C46E4ED00234DE4 /* Products */;
			projectDirPath = "";
			projectRoot = "";
			targets = (
				62802D372C46E4ED00234DE4 /* FixEase */,
			);
		};
/* End PBXProject section */

/* Begin PBXResourcesBuildPhase section */
		62802D362C46E4ED00234DE4 /* Resources */ = {
			isa = PBXResourcesBuildPhase;
			buildActionMask = 2147483647;
			files = (
				62802D432C46E4F200234DE4 /* Preview Assets.xcassets in Resources */,
				62802D402C46E4F200234DE4 /* Assets.xcassets in Resources */,
				62F2E99C2C6313FB008153E7 /* RubikMonoOne-Regular.ttf in Resources */,
			);
			runOnlyForDeploymentPostprocessing = 0;
		};
/* End PBXResourcesBuildPhase section */

/* Begin PBXSourcesBuildPhase section */
		62802D342C46E4ED00234DE4 /* Sources */ = {
			isa = PBXSourcesBuildPhase;
			buildActionMask = 2147483647;
			files = (
				6238AC2F2C585F8900F75B50 /* ModifyNoteView.swift in Sources */,
				620BB19A2C616FE2003EDC4D /* Date.swift in Sources */,
				62F2E9A62C6448F2008153E7 /* MainViewModel.swift in Sources */,
				62813A242C49DA22001C9EF2 /* ItemDetailView.swift in Sources */,
				62F2E9AA2C644ECE008153E7 /* TutorialTabView.swift in Sources */,
				62F2E9AF2C7FE633008153E7 /* UserDefaults.swift in Sources */,
				62802D3E2C46E4ED00234DE4 /* ContentView.swift in Sources */,
				62F2E9B12C7FED65008153E7 /* FileManager.swift in Sources */,
				62A8CFB32C5AF8C8002627E4 /* Note.swift in Sources */,
				62813A2C2C4B2B70001C9EF2 /* Emoji.swift in Sources */,
				62F2E9AC2C7FE27C008153E7 /* User.swift in Sources */,
				62802D4A2C488DAD00234DE4 /* MainView.swift in Sources */,
				62813A262C4B2740001C9EF2 /* Upkeep.swift in Sources */,
				62813A302C4F3E0D001C9EF2 /* ModifyItemView.swift in Sources */,
				6238AC3A2C589D3000F75B50 /* UpkeepIndexStepper.swift in Sources */,
				62813A2A2C4B2A84001C9EF2 /* Item.swift in Sources */,
				62F2E9A12C641072008153E7 /* Font.swift in Sources */,
				62F2E9A82C644A3E008153E7 /* WelcomeView.swift in Sources */,
				6238AC382C58965D00F75B50 /* UpkeepDetailView.swift in Sources */,
				62802D3C2C46E4ED00234DE4 /* FixEaseApp.swift in Sources */,
				62813A322C501C6C001C9EF2 /* ModifyUpkeepView.swift in Sources */,
				62813A202C49C35C001C9EF2 /* UpkeepRow.swift in Sources */,
			);
			runOnlyForDeploymentPostprocessing = 0;
		};
/* End PBXSourcesBuildPhase section */

/* Begin XCBuildConfiguration section */
		62802D442C46E4F200234DE4 /* Debug */ = {
			isa = XCBuildConfiguration;
			buildSettings = {
				ALWAYS_SEARCH_USER_PATHS = NO;
				ASSETCATALOG_COMPILER_GENERATE_SWIFT_ASSET_SYMBOL_EXTENSIONS = YES;
				CLANG_ANALYZER_NONNULL = YES;
				CLANG_ANALYZER_NUMBER_OBJECT_CONVERSION = YES_AGGRESSIVE;
				CLANG_CXX_LANGUAGE_STANDARD = "gnu++20";
				CLANG_ENABLE_MODULES = YES;
				CLANG_ENABLE_OBJC_ARC = YES;
				CLANG_ENABLE_OBJC_WEAK = YES;
				CLANG_WARN_BLOCK_CAPTURE_AUTORELEASING = YES;
				CLANG_WARN_BOOL_CONVERSION = YES;
				CLANG_WARN_COMMA = YES;
				CLANG_WARN_CONSTANT_CONVERSION = YES;
				CLANG_WARN_DEPRECATED_OBJC_IMPLEMENTATIONS = YES;
				CLANG_WARN_DIRECT_OBJC_ISA_USAGE = YES_ERROR;
				CLANG_WARN_DOCUMENTATION_COMMENTS = YES;
				CLANG_WARN_EMPTY_BODY = YES;
				CLANG_WARN_ENUM_CONVERSION = YES;
				CLANG_WARN_INFINITE_RECURSION = YES;
				CLANG_WARN_INT_CONVERSION = YES;
				CLANG_WARN_NON_LITERAL_NULL_CONVERSION = YES;
				CLANG_WARN_OBJC_IMPLICIT_RETAIN_SELF = YES;
				CLANG_WARN_OBJC_LITERAL_CONVERSION = YES;
				CLANG_WARN_OBJC_ROOT_CLASS = YES_ERROR;
				CLANG_WARN_QUOTED_INCLUDE_IN_FRAMEWORK_HEADER = YES;
				CLANG_WARN_RANGE_LOOP_ANALYSIS = YES;
				CLANG_WARN_STRICT_PROTOTYPES = YES;
				CLANG_WARN_SUSPICIOUS_MOVE = YES;
				CLANG_WARN_UNGUARDED_AVAILABILITY = YES_AGGRESSIVE;
				CLANG_WARN_UNREACHABLE_CODE = YES;
				CLANG_WARN__DUPLICATE_METHOD_MATCH = YES;
				COPY_PHASE_STRIP = NO;
				DEBUG_INFORMATION_FORMAT = dwarf;
				ENABLE_STRICT_OBJC_MSGSEND = YES;
				ENABLE_TESTABILITY = YES;
				ENABLE_USER_SCRIPT_SANDBOXING = YES;
				GCC_C_LANGUAGE_STANDARD = gnu17;
				GCC_DYNAMIC_NO_PIC = NO;
				GCC_NO_COMMON_BLOCKS = YES;
				GCC_OPTIMIZATION_LEVEL = 0;
				GCC_PREPROCESSOR_DEFINITIONS = (
					"DEBUG=1",
					"$(inherited)",
				);
				GCC_WARN_64_TO_32_BIT_CONVERSION = YES;
				GCC_WARN_ABOUT_RETURN_TYPE = YES_ERROR;
				GCC_WARN_UNDECLARED_SELECTOR = YES;
				GCC_WARN_UNINITIALIZED_AUTOS = YES_AGGRESSIVE;
				GCC_WARN_UNUSED_FUNCTION = YES;
				GCC_WARN_UNUSED_VARIABLE = YES;
				IPHONEOS_DEPLOYMENT_TARGET = 17.2;
				LOCALIZATION_PREFERS_STRING_CATALOGS = YES;
				MTL_ENABLE_DEBUG_INFO = INCLUDE_SOURCE;
				MTL_FAST_MATH = YES;
				ONLY_ACTIVE_ARCH = YES;
				SDKROOT = iphoneos;
				SWIFT_ACTIVE_COMPILATION_CONDITIONS = "DEBUG $(inherited)";
				SWIFT_OPTIMIZATION_LEVEL = "-Onone";
			};
			name = Debug;
		};
		62802D452C46E4F200234DE4 /* Release */ = {
			isa = XCBuildConfiguration;
			buildSettings = {
				ALWAYS_SEARCH_USER_PATHS = NO;
				ASSETCATALOG_COMPILER_GENERATE_SWIFT_ASSET_SYMBOL_EXTENSIONS = YES;
				CLANG_ANALYZER_NONNULL = YES;
				CLANG_ANALYZER_NUMBER_OBJECT_CONVERSION = YES_AGGRESSIVE;
				CLANG_CXX_LANGUAGE_STANDARD = "gnu++20";
				CLANG_ENABLE_MODULES = YES;
				CLANG_ENABLE_OBJC_ARC = YES;
				CLANG_ENABLE_OBJC_WEAK = YES;
				CLANG_WARN_BLOCK_CAPTURE_AUTORELEASING = YES;
				CLANG_WARN_BOOL_CONVERSION = YES;
				CLANG_WARN_COMMA = YES;
				CLANG_WARN_CONSTANT_CONVERSION = YES;
				CLANG_WARN_DEPRECATED_OBJC_IMPLEMENTATIONS = YES;
				CLANG_WARN_DIRECT_OBJC_ISA_USAGE = YES_ERROR;
				CLANG_WARN_DOCUMENTATION_COMMENTS = YES;
				CLANG_WARN_EMPTY_BODY = YES;
				CLANG_WARN_ENUM_CONVERSION = YES;
				CLANG_WARN_INFINITE_RECURSION = YES;
				CLANG_WARN_INT_CONVERSION = YES;
				CLANG_WARN_NON_LITERAL_NULL_CONVERSION = YES;
				CLANG_WARN_OBJC_IMPLICIT_RETAIN_SELF = YES;
				CLANG_WARN_OBJC_LITERAL_CONVERSION = YES;
				CLANG_WARN_OBJC_ROOT_CLASS = YES_ERROR;
				CLANG_WARN_QUOTED_INCLUDE_IN_FRAMEWORK_HEADER = YES;
				CLANG_WARN_RANGE_LOOP_ANALYSIS = YES;
				CLANG_WARN_STRICT_PROTOTYPES = YES;
				CLANG_WARN_SUSPICIOUS_MOVE = YES;
				CLANG_WARN_UNGUARDED_AVAILABILITY = YES_AGGRESSIVE;
				CLANG_WARN_UNREACHABLE_CODE = YES;
				CLANG_WARN__DUPLICATE_METHOD_MATCH = YES;
				COPY_PHASE_STRIP = NO;
				DEBUG_INFORMATION_FORMAT = "dwarf-with-dsym";
				ENABLE_NS_ASSERTIONS = NO;
				ENABLE_STRICT_OBJC_MSGSEND = YES;
				ENABLE_USER_SCRIPT_SANDBOXING = YES;
				GCC_C_LANGUAGE_STANDARD = gnu17;
				GCC_NO_COMMON_BLOCKS = YES;
				GCC_WARN_64_TO_32_BIT_CONVERSION = YES;
				GCC_WARN_ABOUT_RETURN_TYPE = YES_ERROR;
				GCC_WARN_UNDECLARED_SELECTOR = YES;
				GCC_WARN_UNINITIALIZED_AUTOS = YES_AGGRESSIVE;
				GCC_WARN_UNUSED_FUNCTION = YES;
				GCC_WARN_UNUSED_VARIABLE = YES;
				IPHONEOS_DEPLOYMENT_TARGET = 17.2;
				LOCALIZATION_PREFERS_STRING_CATALOGS = YES;
				MTL_ENABLE_DEBUG_INFO = NO;
				MTL_FAST_MATH = YES;
				SDKROOT = iphoneos;
				SWIFT_COMPILATION_MODE = wholemodule;
				VALIDATE_PRODUCT = YES;
			};
			name = Release;
		};
		62802D472C46E4F200234DE4 /* Debug */ = {
			isa = XCBuildConfiguration;
			buildSettings = {
				ASSETCATALOG_COMPILER_APPICON_NAME = AppIcon;
				ASSETCATALOG_COMPILER_GLOBAL_ACCENT_COLOR_NAME = AccentColor;
				CODE_SIGN_STYLE = Automatic;
				CURRENT_PROJECT_VERSION = 1;
				DEVELOPMENT_ASSET_PATHS = "\"FixEase/Preview Content\"";
				DEVELOPMENT_TEAM = 49HBQH4LWP;
				ENABLE_PREVIEWS = YES;
				GENERATE_INFOPLIST_FILE = YES;
				INFOPLIST_FILE = FixEase/Info.plist;
				INFOPLIST_KEY_UIApplicationSceneManifest_Generation = YES;
				INFOPLIST_KEY_UIApplicationSupportsIndirectInputEvents = YES;
				INFOPLIST_KEY_UILaunchScreen_Generation = YES;
				INFOPLIST_KEY_UISupportedInterfaceOrientations_iPad = "UIInterfaceOrientationPortrait UIInterfaceOrientationPortraitUpsideDown UIInterfaceOrientationLandscapeLeft UIInterfaceOrientationLandscapeRight";
				INFOPLIST_KEY_UISupportedInterfaceOrientations_iPhone = "UIInterfaceOrientationPortrait UIInterfaceOrientationLandscapeLeft UIInterfaceOrientationLandscapeRight";
				LD_RUNPATH_SEARCH_PATHS = (
					"$(inherited)",
					"@executable_path/Frameworks",
				);
				MARKETING_VERSION = 1.0;
				PRODUCT_BUNDLE_IDENTIFIER = com.JeremyManlangit.FixEase;
				PRODUCT_NAME = "$(TARGET_NAME)";
				SWIFT_EMIT_LOC_STRINGS = YES;
				SWIFT_VERSION = 5.0;
				TARGETED_DEVICE_FAMILY = "1,2";
			};
			name = Debug;
		};
		62802D482C46E4F200234DE4 /* Release */ = {
			isa = XCBuildConfiguration;
			buildSettings = {
				ASSETCATALOG_COMPILER_APPICON_NAME = AppIcon;
				ASSETCATALOG_COMPILER_GLOBAL_ACCENT_COLOR_NAME = AccentColor;
				CODE_SIGN_STYLE = Automatic;
				CURRENT_PROJECT_VERSION = 1;
				DEVELOPMENT_ASSET_PATHS = "\"FixEase/Preview Content\"";
				DEVELOPMENT_TEAM = 49HBQH4LWP;
				ENABLE_PREVIEWS = YES;
				GENERATE_INFOPLIST_FILE = YES;
				INFOPLIST_FILE = FixEase/Info.plist;
				INFOPLIST_KEY_UIApplicationSceneManifest_Generation = YES;
				INFOPLIST_KEY_UIApplicationSupportsIndirectInputEvents = YES;
				INFOPLIST_KEY_UILaunchScreen_Generation = YES;
				INFOPLIST_KEY_UISupportedInterfaceOrientations_iPad = "UIInterfaceOrientationPortrait UIInterfaceOrientationPortraitUpsideDown UIInterfaceOrientationLandscapeLeft UIInterfaceOrientationLandscapeRight";
				INFOPLIST_KEY_UISupportedInterfaceOrientations_iPhone = "UIInterfaceOrientationPortrait UIInterfaceOrientationLandscapeLeft UIInterfaceOrientationLandscapeRight";
				LD_RUNPATH_SEARCH_PATHS = (
					"$(inherited)",
					"@executable_path/Frameworks",
				);
				MARKETING_VERSION = 1.0;
				PRODUCT_BUNDLE_IDENTIFIER = com.JeremyManlangit.FixEase;
				PRODUCT_NAME = "$(TARGET_NAME)";
				SWIFT_EMIT_LOC_STRINGS = YES;
				SWIFT_VERSION = 5.0;
				TARGETED_DEVICE_FAMILY = "1,2";
			};
			name = Release;
		};
/* End XCBuildConfiguration section */

/* Begin XCConfigurationList section */
		62802D332C46E4ED00234DE4 /* Build configuration list for PBXProject "FixEase" */ = {
			isa = XCConfigurationList;
			buildConfigurations = (
				62802D442C46E4F200234DE4 /* Debug */,
				62802D452C46E4F200234DE4 /* Release */,
			);
			defaultConfigurationIsVisible = 0;
			defaultConfigurationName = Release;
		};
		62802D462C46E4F200234DE4 /* Build configuration list for PBXNativeTarget "FixEase" */ = {
			isa = XCConfigurationList;
			buildConfigurations = (
				62802D472C46E4F200234DE4 /* Debug */,
				62802D482C46E4F200234DE4 /* Release */,
			);
			defaultConfigurationIsVisible = 0;
			defaultConfigurationName = Release;
		};
/* End XCConfigurationList section */
	};
	rootObject = 62802D302C46E4ED00234DE4 /* Project object */;
}
